{
    "_readme": [
        "This file locks the dependencies of your project to a known state",
        "Read more about it at http://getcomposer.org/doc/01-basic-usage.md#composer-lock-the-lock-file",
        "This file is @generated automatically"
    ],
    "hash": "7de6c1a6a82f25983e724f59480b77d0",
    "packages": [
        {
            "name": "caesarcipher/caesarcipher",
            "version": "dev-master",
            "source": {
                "type": "git",
                "url": "https://github.com/rickyrobinett/CaesarCipher.git",
                "reference": "388f01e1186d738b2dd874abcd7c8d87f256ea46"
            },
            "dist": {
                "type": "zip",
                "url": "https://api.github.com/repos/rickyrobinett/CaesarCipher/zipball/388f01e1186d738b2dd874abcd7c8d87f256ea46",
                "reference": "388f01e1186d738b2dd874abcd7c8d87f256ea46",
                "shasum": ""
            },
            "require": {
                "php": ">=5.3.0"
            },
            "require-dev": {
                "satooshi/php-coveralls": "dev-master"
            },
            "type": "library",
            "extra": {
                "branch-alias": {
                    "dev-master": "1.x-dev"
                }
            },
            "autoload": {
                "psr-0": {
                    "CaesarCipher": "src/"
                }
            },
            "notification-url": "https://packagist.org/downloads/",
            "license": [
                "MIT"
            ],
            "authors": [
                {
                    "name": "Ricky Robinett",
                    "email": "ricky.robinett@gmail.com",
                    "homepage": "http://rickyrobinett.com"
                }
            ],
            "description": "A PHP package for encoding, decoding and cracking the Caesar shift cipher",
            "homepage": "https://github.com/rickyrobinett/CaesarCipher",
            "keywords": [
                "Caesar cipher",
                "cipher"
            ],
            "time": "2014-10-04 21:28:17"
        },
        {
            "name": "firebase/php-jwt",
            "version": "1.0.0",
            "target-dir": "Firebase/PHP-JWT",
            "source": {
                "type": "git",
                "url": "https://github.com/firebase/php-jwt.git",
                "reference": "58c1e61d0dff797f2989c54415229f4016d57a6d"
            },
            "dist": {
                "type": "zip",
                "url": "https://api.github.com/repos/firebase/php-jwt/zipball/58c1e61d0dff797f2989c54415229f4016d57a6d",
                "reference": "58c1e61d0dff797f2989c54415229f4016d57a6d",
                "shasum": ""
            },
            "require": {
                "php": ">=5.2.0"
            },
            "type": "library",
            "autoload": {
                "classmap": [
                    "Authentication/"
                ]
            },
            "notification-url": "https://packagist.org/downloads/",
            "license": [
                "BSD-3-Clause"
            ],
            "authors": [
                {
                    "name": "Neuman Vong",
                    "email": "neuman+pear@twilio.com",
                    "role": "Developer"
                },
                {
                    "name": "Anant Narayanan",
                    "email": "anant@php.net",
                    "role": "Developer"
                }
            ],
            "description": "A simple library to encode and decode JSON Web Tokens (JWT) in PHP. Should conform to the current spec.",
            "homepage": "https://github.com/firebase/php-jwt",
            "time": "2014-08-28 17:14:17"
        },
        {
            "name": "twilio/sdk",
            "version": "3.12.6",
            "source": {
                "type": "git",
                "url": "https://github.com/twilio/twilio-php.git",
                "reference": "51ab2929a66d4455ecb470eafdfe2bab798945ff"
            },
            "dist": {
                "type": "zip",
                "url": "https://api.github.com/repos/twilio/twilio-php/zipball/51ab2929a66d4455ecb470eafdfe2bab798945ff",
                "reference": "51ab2929a66d4455ecb470eafdfe2bab798945ff",
                "shasum": ""
            },
            "require": {
                "php": ">=5.2.1"
            },
            "require-dev": {
                "mockery/mockery": ">=0.7.2",
                "phpunit/phpunit": "3.7.*"
            },
            "type": "library",
            "autoload": {
                "psr-0": {
                    "Services_Twilio": ""
                }
            },
            "notification-url": "https://packagist.org/downloads/",
            "license": [
                "MIT"
            ],
            "authors": [
                {
                    "name": "Kevin Burke",
                    "email": "kevin@twilio.com"
                },
                {
                    "name": "Kyle Conroy",
                    "email": "kyle+pear@twilio.com"
                }
            ],
            "description": "A PHP wrapper for Twilio's API",
            "homepage": "http://github.com/twilio/twilio-php",
            "keywords": [
                "api",
                "sms",
                "twilio"
            ],
            "time": "2014-08-26 21:31:03"
        }
    ],
    "packages-dev": [

    ],
    "aliases": [

    ],
    "minimum-stability": "stable",
    "stability-flags": {
        "caesarcipher/caesarcipher": 20
    },
    "prefer-stable": false,
    "platform": [

    ],
    "platform-dev": [

    ]
}
